
Microsoft Visual Studio Solution File, Format Version 12.00
# Visual Studio Version 17
VisualStudioVersion = 17.0.31912.275
MinimumVisualStudioVersion = 10.0.40219.1
Project("{FAE04EC0-301F-11D3-BF4B-00C04F79EFBC}") = "HitSpeedTest", "HitSpeedTest\HitSpeedTest.csproj", "{F22F305D-6A90-4BB5-A9E3-C25D355CC883}"
EndProject
Global
	GlobalSection(SolutionConfigurationPlatforms) = preSolution
		Debug|Any CPU = Debug|Any CPU
		Release|Any CPU = Release|Any CPU
	EndGlobalSection
	GlobalSection(ProjectConfigurationPlatforms) = postSolution
		{F22F305D-6A90-4BB5-A9E3-C25D355CC883}.Debug|Any CPU.ActiveCfg = Debug|Any CPU
		{F22F305D-6A90-4BB5-A9E3-C25D355CC883}.Debug|Any CPU.Build.0 = Debug|Any CPU
		{F22F305D-6A90-4BB5-A9E3-C25D355CC883}.Release|Any CPU.ActiveCfg = Release|Any CPU
		{F22F305D-6A90-4BB5-A9E3-C25D355CC883}.Release|Any CPU.Build.0 = Release|Any CPU
	EndGlobalSection
	GlobalSection(SolutionProperties) = preSolution
		HideSolutionNode = FALSE
	EndGlobalSection
	GlobalSection(ExtensibilityGlobals) = postSolution
		SolutionGuid = {D22B6621-9215-457D-9B62-35DFF24F8178}
	EndGlobalSection
EndGlobal
